<?xml version="1.0" encoding="utf-8"?>
<Project ToolsVersion="4.0" xmlns="http://schemas.microsoft.com/developer/msbuild/2003">
  <ItemGroup>
    <Filter Include="Source Files">
      <UniqueIdentifier>{4FC737F1-C7A5-4376-A066-2A32D752A2FF}</UniqueIdentifier>
      <Extensions>cpp;c;cc;cxx;def;odl;idl;hpj;bat;asm;asmx</Extensions>
    </Filter>
    <Filter Include="Header Files">
      <UniqueIdentifier>{93995380-89BD-4b04-88EB-625FBE52EBFB}</UniqueIdentifier>
      <Extensions>h;hh;hpp;hxx;hm;inl;inc;xsd</Extensions>
    </Filter>
    <Filter Include="Resource Files">
      <UniqueIdentifier>{67DA6AB6-F800-4c08-8B7A-83BB121AAD01}</UniqueIdentifier>
      <Extensions>rc;ico;cur;bmp;dlg;rc2;rct;bin;rgs;gif;jpg;jpeg;jpe;resx;tiff;tif;png;wav;mfcribbon-ms;qrc</Extensions>
    </Filter>
    <Filter Include="ui_widget">
      <UniqueIdentifier>{9efe7ee1-4ede-4243-a2d8-9da85c395ddb}</UniqueIdentifier>
    </Filter>
    <Filter Include="generateFile">
      <UniqueIdentifier>{1c2a381e-ed65-40e0-9751-285b5bec6fe3}</UniqueIdentifier>
    </Filter>
    <Filter Include="Header Files\xml">
      <UniqueIdentifier>{b511ff19-df84-41fc-a4f4-2e7f9bb459fd}</UniqueIdentifier>
    </Filter>
    <Filter Include="Header Files\net">
      <UniqueIdentifier>{b35bb4a0-4453-46e3-916e-9978879fd5df}</UniqueIdentifier>
    </Filter>
    <Filter Include="Header Files\predict">
      <UniqueIdentifier>{5d5a533e-6c72-4a0f-bb77-10aab8698db3}</UniqueIdentifier>
    </Filter>
    <Filter Include="Header Files\protoc">
      <UniqueIdentifier>{9cfe308e-c963-4af1-b36b-b81505970fd6}</UniqueIdentifier>
    </Filter>
    <Filter Include="Header Files\net\command">
      <UniqueIdentifier>{ddd31216-e31e-4b1b-aa3a-1753b155e76f}</UniqueIdentifier>
    </Filter>
    <Filter Include="Header Files\console">
      <UniqueIdentifier>{10f284c5-45e5-4a0b-bbbf-7de7a0900911}</UniqueIdentifier>
    </Filter>
    <Filter Include="Header Files\fileUtil">
      <UniqueIdentifier>{68a70744-bfdb-40cf-8ed3-19a51987c872}</UniqueIdentifier>
    </Filter>
  </ItemGroup>
  <ItemGroup>
    <ClCompile Include="QtMain.cpp">
      <Filter>Source Files</Filter>
    </ClCompile>
    <ClCompile Include="PredictMainWindow.cpp">
      <Filter>Source Files</Filter>
    </ClCompile>
    <ClCompile Include="GeneratedFiles\moc_PredictMainWindow.cpp">
      <Filter>generateFile</Filter>
    </ClCompile>
    <ClCompile Include="XMLUtils.cpp">
      <Filter>Header Files\xml</Filter>
    </ClCompile>
    <ClCompile Include="PredictConfig.cpp">
      <Filter>Header Files\xml</Filter>
    </ClCompile>
    <ClCompile Include="PredictCommand.cpp">
      <Filter>Header Files\net</Filter>
    </ClCompile>
    <ClCompile Include="PredictMessage.cpp">
      <Filter>Header Files\net</Filter>
    </ClCompile>
    <ClCompile Include="PredictSession.cpp">
      <Filter>Header Files\net</Filter>
    </ClCompile>
    <ClCompile Include="PredictStatistic.cpp">
      <Filter>Header Files\predict</Filter>
    </ClCompile>
    <ClCompile Include="PredictCalculate.cpp">
      <Filter>Header Files\predict</Filter>
    </ClCompile>
    <ClCompile Include="PredictCheck.cpp">
      <Filter>Header Files\predict</Filter>
    </ClCompile>
    <ClCompile Include="PredictGeneratorKey.cpp">
      <Filter>Header Files\predict</Filter>
    </ClCompile>
    <ClCompile Include="Resource.pb.cc">
      <Filter>Header Files\protoc</Filter>
    </ClCompile>
    <ClCompile Include="Perception.pb.cc">
      <Filter>Header Files\protoc</Filter>
    </ClCompile>
    <ClCompile Include="PredictProtobuf.cpp">
      <Filter>Header Files\protoc</Filter>
    </ClCompile>
    <ClCompile Include="PredictServer.cpp">
      <Filter>Header Files\net</Filter>
    </ClCompile>
    <ClCompile Include="PredictServerImpl.cpp">
      <Filter>Header Files\net</Filter>
    </ClCompile>
    <ClCompile Include="PredictKeyHandleUI.cpp">
      <Filter>Source Files</Filter>
    </ClCompile>
    <ClCompile Include="GeneratedFiles\moc_PredictKeyHandleUI.cpp">
      <Filter>generateFile</Filter>
    </ClCompile>
    <ClCompile Include="PredictGeneratorKeyCommand.cpp">
      <Filter>Header Files\net\command</Filter>
    </ClCompile>
    <ClCompile Include="PredictCommandFactory.cpp">
      <Filter>Header Files\net\command</Filter>
    </ClCompile>
    <ClCompile Include="PredictGameThread.cpp">
      <Filter>Header Files\net\command</Filter>
    </ClCompile>
    <ClCompile Include="PredictSessionNameCommand.cpp">
      <Filter>Header Files\net\command</Filter>
    </ClCompile>
    <ClCompile Include="PredictOriginalKeyUploadCommand.cpp">
      <Filter>Header Files\net\command</Filter>
    </ClCompile>
    <ClCompile Include="PredictPrint.cpp">
      <Filter>Header Files</Filter>
    </ClCompile>
    <ClCompile Include="PredictKMeans.cpp">
      <Filter>Header Files\predict</Filter>
    </ClCompile>
    <ClCompile Include="PredictCustomConfig.cpp">
      <Filter>Source Files</Filter>
    </ClCompile>
    <ClCompile Include="GeneratedFiles\moc_PredictCustomConfig.cpp">
      <Filter>generateFile</Filter>
    </ClCompile>
    <ClCompile Include="QClickLabel.cpp">
      <Filter>Source Files</Filter>
    </ClCompile>
    <ClCompile Include="GeneratedFiles\moc_QClickLabel.cpp">
      <Filter>generateFile</Filter>
    </ClCompile>
    <ClCompile Include="PredictConsole.cpp">
      <Filter>Header Files\console</Filter>
    </ClCompile>
    <ClCompile Include="PredictGenerator2DKeyCommand.cpp">
      <Filter>Header Files\net\command</Filter>
    </ClCompile>
    <ClCompile Include="PredictChinesePath.cpp">
      <Filter>Header Files\fileUtil</Filter>
    </ClCompile>
    <ClCompile Include="PerceptionNew.pb.cc">
      <Filter>Header Files\protoc</Filter>
    </ClCompile>
    <ClCompile Include="PredictConsole2D.cpp">
      <Filter>Header Files\console</Filter>
    </ClCompile>
    <ClCompile Include="ccgamec_config.pb.cc">
      <Filter>Header Files\protoc</Filter>
    </ClCompile>
    <ClCompile Include="Template2D.pb.cc">
      <Filter>Header Files\protoc</Filter>
    </ClCompile>
  </ItemGroup>
  <ItemGroup>
    <ClInclude Include="GeneratedFiles\ui_mainwindow.h">
      <Filter>generateFile</Filter>
    </ClInclude>
    <ClInclude Include="PredictConfig.h">
      <Filter>Header Files\xml</Filter>
    </ClInclude>
    <ClInclude Include="XMLUtils.h">
      <Filter>Header Files\xml</Filter>
    </ClInclude>
    <ClInclude Include="PredictMessage.h">
      <Filter>Header Files\net</Filter>
    </ClInclude>
    <ClInclude Include="PredictSession.h">
      <Filter>Header Files\net</Filter>
    </ClInclude>
    <ClInclude Include="PredictCommand.h">
      <Filter>Header Files\net</Filter>
    </ClInclude>
    <ClInclude Include="PredictStatistic.h">
      <Filter>Header Files\predict</Filter>
    </ClInclude>
    <ClInclude Include="PredictCalculate.h">
      <Filter>Header Files\predict</Filter>
    </ClInclude>
    <ClInclude Include="PredictCheck.h">
      <Filter>Header Files\predict</Filter>
    </ClInclude>
    <ClInclude Include="PredictGeneratorKey.h">
      <Filter>Header Files\predict</Filter>
    </ClInclude>
    <ClInclude Include="Resource.pb.h">
      <Filter>Header Files\protoc</Filter>
    </ClInclude>
    <ClInclude Include="Perception.pb.h">
      <Filter>Header Files\protoc</Filter>
    </ClInclude>
    <ClInclude Include="PredictProtobuf.h">
      <Filter>Header Files\protoc</Filter>
    </ClInclude>
    <ClInclude Include="PredictServer.h">
      <Filter>Header Files\net</Filter>
    </ClInclude>
    <ClInclude Include="PredictServerImpl.h">
      <Filter>Header Files\net</Filter>
    </ClInclude>
    <ClInclude Include="GeneratedFiles\ui_generator.h">
      <Filter>generateFile</Filter>
    </ClInclude>
    <ClInclude Include="PredictGeneratorKeyCommand.h">
      <Filter>Header Files\net\command</Filter>
    </ClInclude>
    <ClInclude Include="PredictCommandFactory.h">
      <Filter>Header Files\net\command</Filter>
    </ClInclude>
    <ClInclude Include="PredictGameThread.h">
      <Filter>Header Files\net\command</Filter>
    </ClInclude>
    <ClInclude Include="PredictSessionNameCommand.h">
      <Filter>Header Files\net\command</Filter>
    </ClInclude>
    <ClInclude Include="PredictOriginalKeyUploadCommand.h">
      <Filter>Header Files\net\command</Filter>
    </ClInclude>
    <ClInclude Include="PredictPrint.h">
      <Filter>Header Files</Filter>
    </ClInclude>
    <ClInclude Include="PredictTypeDefines.h">
      <Filter>Header Files</Filter>
    </ClInclude>
    <ClInclude Include="PredictCommonType.h">
      <Filter>Header Files</Filter>
    </ClInclude>
    <ClInclude Include="PredictKMeans.h">
      <Filter>Header Files\predict</Filter>
    </ClInclude>
    <ClInclude Include="GeneratedFiles\ui_custom.h">
      <Filter>generateFile</Filter>
    </ClInclude>
    <ClInclude Include="PredictConsole.h">
      <Filter>Header Files\console</Filter>
    </ClInclude>
    <ClInclude Include="PredictChinesePath.h">
      <Filter>Header Files\fileUtil</Filter>
    </ClInclude>
    <ClInclude Include="PredictGenerator2DKeyCommand.h">
      <Filter>Header Files\net\command</Filter>
    </ClInclude>
    <ClInclude Include="PerceptionNew.pb.h">
      <Filter>Header Files\protoc</Filter>
    </ClInclude>
    <ClInclude Include="PredictConsole2D.h">
      <Filter>Header Files\console</Filter>
    </ClInclude>
    <ClInclude Include="ccgamec_config.pb.h">
      <Filter>Header Files\protoc</Filter>
    </ClInclude>
    <ClInclude Include="Template2D.pb.h">
      <Filter>Header Files\protoc</Filter>
    </ClInclude>
  </ItemGroup>
  <ItemGroup>
    <CustomBuild Include="PredictMainWindow.h">
      <Filter>Header Files</Filter>
    </CustomBuild>
    <CustomBuild Include="mainwindow.ui">
      <Filter>ui_widget</Filter>
    </CustomBuild>
    <CustomBuild Include="Resource.proto">
      <Filter>Header Files\protoc</Filter>
    </CustomBuild>
    <CustomBuild Include="Perception.proto">
      <Filter>Header Files\protoc</Filter>
    </CustomBuild>
    <CustomBuild Include="generator.ui">
      <Filter>ui_widget</Filter>
    </CustomBuild>
    <CustomBuild Include="PredictKeyHandleUI.h">
      <Filter>Header Files</Filter>
    </CustomBuild>
    <CustomBuild Include="custom.ui">
      <Filter>ui_widget</Filter>
    </CustomBuild>
    <CustomBuild Include="PredictCustomConfig.h">
      <Filter>Header Files</Filter>
    </CustomBuild>
    <CustomBuild Include="QClickLabel.h">
      <Filter>Header Files</Filter>
    </CustomBuild>
    <CustomBuild Include="PerceptionNew.proto">
      <Filter>Header Files\protoc</Filter>
    </CustomBuild>
    <CustomBuild Include="ccgamec_config.proto">
      <Filter>Header Files\protoc</Filter>
    </CustomBuild>
    <CustomBuild Include="Template2D.proto">
      <Filter>Header Files\protoc</Filter>
    </CustomBuild>
  </ItemGroup>
  <ItemGroup>
    <ResourceCompile Include="QtPredict.rc">
      <Filter>Resource Files</Filter>
    </ResourceCompile>
  </ItemGroup>
</Project>