<?xml version="1.0" encoding="utf-8"?>
<Project ToolsVersion="4.0" xmlns="http://schemas.microsoft.com/developer/msbuild/2003">
  <ItemGroup>
    <Filter Include="源文件">
      <UniqueIdentifier>{4FC737F1-C7A5-4376-A066-2A32D752A2FF}</UniqueIdentifier>
      <Extensions>cpp;c;cc;cxx;def;odl;idl;hpj;bat;asm;asmx</Extensions>
    </Filter>
    <Filter Include="头文件">
      <UniqueIdentifier>{93995380-89BD-4b04-88EB-625FBE52EBFB}</UniqueIdentifier>
      <Extensions>h;hh;hpp;hxx;hm;inl;inc;xsd</Extensions>
    </Filter>
    <Filter Include="资源文件">
      <UniqueIdentifier>{67DA6AB6-F800-4c08-8B7A-83BB121AAD01}</UniqueIdentifier>
      <Extensions>rc;ico;cur;bmp;dlg;rc2;rct;bin;rgs;gif;jpg;jpeg;jpe;resx;tiff;tif;png;wav;mfcribbon-ms</Extensions>
    </Filter>
    <Filter Include="Generated Files">
      <UniqueIdentifier>{2c08a7e3-8a25-4f23-bbe5-793b9d137e2b}</UniqueIdentifier>
    </Filter>
    <Filter Include="Generated Files\Debug">
      <UniqueIdentifier>{43560ebc-d596-4ff1-9ebb-2fac160e5fc4}</UniqueIdentifier>
    </Filter>
    <Filter Include="Generated Files\Release">
      <UniqueIdentifier>{2837dede-d0ef-460d-813e-1c112f2dc74b}</UniqueIdentifier>
    </Filter>
  </ItemGroup>
  <ItemGroup>
    <ClCompile Include="..\src\qtbuttonpropertybrowser.cpp">
      <Filter>源文件</Filter>
    </ClCompile>
    <ClCompile Include="..\src\qteditorfactory.cpp">
      <Filter>源文件</Filter>
    </ClCompile>
    <ClCompile Include="..\src\qtgroupboxpropertybrowser.cpp">
      <Filter>源文件</Filter>
    </ClCompile>
    <ClCompile Include="..\src\qtpropertybrowser.cpp">
      <Filter>源文件</Filter>
    </ClCompile>
    <ClCompile Include="..\src\qtpropertybrowserutils.cpp">
      <Filter>源文件</Filter>
    </ClCompile>
    <ClCompile Include="..\src\qtpropertymanager.cpp">
      <Filter>源文件</Filter>
    </ClCompile>
    <ClCompile Include="..\src\qttreepropertybrowser.cpp">
      <Filter>源文件</Filter>
    </ClCompile>
    <ClCompile Include="..\src\qtvariantproperty.cpp">
      <Filter>源文件</Filter>
    </ClCompile>
    <ClCompile Include="Debug\qrc_qtpropertybrowser.cpp">
      <Filter>源文件</Filter>
    </ClCompile>
    <ClCompile Include="Debug\moc_qtgroupboxpropertybrowser.cpp">
      <Filter>Generated Files\Debug</Filter>
    </ClCompile>
    <ClCompile Include="Debug\moc_qtpropertybrowser.cpp">
      <Filter>Generated Files\Debug</Filter>
    </ClCompile>
    <ClCompile Include="Debug\moc_qtpropertybrowserutils_p.cpp">
      <Filter>Generated Files\Debug</Filter>
    </ClCompile>
    <ClCompile Include="Debug\moc_qtpropertymanager.cpp">
      <Filter>Generated Files\Debug</Filter>
    </ClCompile>
    <ClCompile Include="Debug\moc_qttreepropertybrowser.cpp">
      <Filter>Generated Files\Debug</Filter>
    </ClCompile>
    <ClCompile Include="Debug\moc_qtvariantproperty.cpp">
      <Filter>Generated Files\Debug</Filter>
    </ClCompile>
    <ClCompile Include="Debug\moc_qteditorfactory.cpp">
      <Filter>Generated Files\Debug</Filter>
    </ClCompile>
    <ClCompile Include="Debug\moc_qtbuttonpropertybrowser.cpp">
      <Filter>Generated Files\Debug</Filter>
    </ClCompile>
    <ClCompile Include="Release\moc_qtbuttonpropertybrowser.cpp">
      <Filter>Generated Files\Release</Filter>
    </ClCompile>
    <ClCompile Include="Release\moc_qteditorfactory.cpp">
      <Filter>Generated Files\Release</Filter>
    </ClCompile>
    <ClCompile Include="Release\moc_qtgroupboxpropertybrowser.cpp">
      <Filter>Generated Files\Release</Filter>
    </ClCompile>
    <ClCompile Include="Release\moc_qtpropertybrowser.cpp">
      <Filter>Generated Files\Release</Filter>
    </ClCompile>
    <ClCompile Include="Release\moc_qtpropertybrowserutils_p.cpp">
      <Filter>Generated Files\Release</Filter>
    </ClCompile>
    <ClCompile Include="Release\moc_qtpropertymanager.cpp">
      <Filter>Generated Files\Release</Filter>
    </ClCompile>
    <ClCompile Include="Release\moc_qttreepropertybrowser.cpp">
      <Filter>Generated Files\Release</Filter>
    </ClCompile>
    <ClCompile Include="Release\moc_qtvariantproperty.cpp">
      <Filter>Generated Files\Release</Filter>
    </ClCompile>
  </ItemGroup>
  <ItemGroup>
    <None Include="..\src\qtpropertybrowser.pri">
      <Filter>资源文件</Filter>
    </None>
  </ItemGroup>
  <ItemGroup>
    <Image Include="..\src\images\cursor-arrow.png">
      <Filter>资源文件</Filter>
    </Image>
    <Image Include="..\src\images\cursor-busy.png">
      <Filter>资源文件</Filter>
    </Image>
    <Image Include="..\src\images\cursor-closedhand.png">
      <Filter>资源文件</Filter>
    </Image>
    <Image Include="..\src\images\cursor-cross.png">
      <Filter>资源文件</Filter>
    </Image>
    <Image Include="..\src\images\cursor-forbidden.png">
      <Filter>资源文件</Filter>
    </Image>
    <Image Include="..\src\images\cursor-hand.png">
      <Filter>资源文件</Filter>
    </Image>
    <Image Include="..\src\images\cursor-hsplit.png">
      <Filter>资源文件</Filter>
    </Image>
    <Image Include="..\src\images\cursor-ibeam.png">
      <Filter>资源文件</Filter>
    </Image>
    <Image Include="..\src\images\cursor-openhand.png">
      <Filter>资源文件</Filter>
    </Image>
    <Image Include="..\src\images\cursor-sizeall.png">
      <Filter>资源文件</Filter>
    </Image>
    <Image Include="..\src\images\cursor-sizeb.png">
      <Filter>资源文件</Filter>
    </Image>
    <Image Include="..\src\images\cursor-sizef.png">
      <Filter>资源文件</Filter>
    </Image>
    <Image Include="..\src\images\cursor-sizeh.png">
      <Filter>资源文件</Filter>
    </Image>
    <Image Include="..\src\images\cursor-sizev.png">
      <Filter>资源文件</Filter>
    </Image>
    <Image Include="..\src\images\cursor-uparrow.png">
      <Filter>资源文件</Filter>
    </Image>
    <Image Include="..\src\images\cursor-vsplit.png">
      <Filter>资源文件</Filter>
    </Image>
    <Image Include="..\src\images\cursor-wait.png">
      <Filter>资源文件</Filter>
    </Image>
    <Image Include="..\src\images\cursor-whatsthis.png">
      <Filter>资源文件</Filter>
    </Image>
  </ItemGroup>
  <ItemGroup>
    <CustomBuild Include="..\src\qtpropertybrowser.qrc">
      <Filter>资源文件</Filter>
    </CustomBuild>
    <CustomBuild Include="Debug\qteditorfactory.moc">
      <Filter>Generated Files\Debug</Filter>
    </CustomBuild>
    <CustomBuild Include="Debug\qtpropertymanager.moc">
      <Filter>Generated Files\Debug</Filter>
    </CustomBuild>
    <CustomBuild Include="Debug\qttreepropertybrowser.moc">
      <Filter>Generated Files\Debug</Filter>
    </CustomBuild>
    <CustomBuild Include="..\src\qtbuttonpropertybrowser.h">
      <Filter>头文件</Filter>
    </CustomBuild>
    <CustomBuild Include="..\src\qteditorfactory.h">
      <Filter>头文件</Filter>
    </CustomBuild>
    <CustomBuild Include="..\src\qtgroupboxpropertybrowser.h">
      <Filter>头文件</Filter>
    </CustomBuild>
    <CustomBuild Include="..\src\qtpropertybrowser.h">
      <Filter>头文件</Filter>
    </CustomBuild>
    <CustomBuild Include="..\src\qtpropertybrowserutils_p.h">
      <Filter>头文件</Filter>
    </CustomBuild>
    <CustomBuild Include="..\src\qtpropertymanager.h">
      <Filter>头文件</Filter>
    </CustomBuild>
    <CustomBuild Include="..\src\qttreepropertybrowser.h">
      <Filter>头文件</Filter>
    </CustomBuild>
    <CustomBuild Include="..\src\qtvariantproperty.h">
      <Filter>头文件</Filter>
    </CustomBuild>
    <CustomBuild Include="Release\qteditorfactory.moc">
      <Filter>Generated Files\Release</Filter>
    </CustomBuild>
    <CustomBuild Include="Release\qtpropertymanager.moc">
      <Filter>Generated Files\Release</Filter>
    </CustomBuild>
    <CustomBuild Include="Release\qttreepropertybrowser.moc">
      <Filter>Generated Files\Release</Filter>
    </CustomBuild>
  </ItemGroup>
</Project>